{
  "R": {
    "Version": "4.2.0",
    "Repositories": [
      {
        "Name": "CRAN",
        "URL": "https://cloud.r-project.org"
      }
    ]
  },
  "Packages": {
    "languageserver": {
      "Package": "languageserver",
      "Version": "0.3.13",
      "Source": "Repository"
    },
    "httpgd": {
      "Package": "httpgd",
      "Version": "1.3.0",
      "Source": "Repository"
    }
  }
}