{
  "R": {
    "Version": "4.2.0",
    "Repositories": [
      {
        "Name": "CRAN",
        "URL": "https://cloud.r-project.org"
      }
    ]
  },
  "Packages": {
        "R6": {
      "Package": "R6",
      "Version": "2.5.1",
      "Source": "Repository"
    },
            "box": {
      "Package": "box",
      "Version": "1.1.2",
      "Source": "Repository"
    }
  }
}
